// !$*UTF8*$!
{
	archiveVersion = 1;
	classes = {
	};
	objectVersion = 48;
	objects = {

/* Begin PBXBuildFile section */
		79036A4A20614CF40022E3C7 /* Set.swift in Sources */ = {isa = PBXBuildFile; fileRef = 79036A4920614CF40022E3C7 /* Set.swift */; };
		79710EDB205F86AB00203C3C /* SetFeatures.swift in Sources */ = {isa = PBXBuildFile; fileRef = 79710EDA205F86AB00203C3C /* SetFeatures.swift */; };
		79D40221205D2AC800B320EC /* AppDelegate.swift in Sources */ = {isa = PBXBuildFile; fileRef = 79D40220205D2AC800B320EC /* AppDelegate.swift */; };
		79D40223205D2AC800B320EC /* ViewController.swift in Sources */ = {isa = PBXBuildFile; fileRef = 79D40222205D2AC800B320EC /* ViewController.swift */; };
		79D40226205D2AC800B320EC /* Main.storyboard in Resources */ = {isa = PBXBuildFile; fileRef = 79D40224205D2AC800B320EC /* Main.storyboard */; };
		79D40228205D2AC800B320EC /* Assets.xcassets in Resources */ = {isa = PBXBuildFile; fileRef = 79D40227205D2AC800B320EC /* Assets.xcassets */; };
		79D4022B205D2AC800B320EC /* LaunchScreen.storyboard in Resources */ = {isa = PBXBuildFile; fileRef = 79D40229205D2AC800B320EC /* LaunchScreen.storyboard */; };
		79D40234205D2B2D00B320EC /* CardFeatures.swift in Sources */ = {isa = PBXBuildFile; fileRef = 79D40233205D2B2D00B320EC /* CardFeatures.swift */; };
		79D40236205D2DAD00B320EC /* Card.swift in Sources */ = {isa = PBXBuildFile; fileRef = 79D40235205D2DAD00B320EC /* Card.swift */; };
		79D40238205D30AF00B320EC /* CardDeck.swift in Sources */ = {isa = PBXBuildFile; fileRef = 79D40237205D30AF00B320EC /* CardDeck.swift */; };
/* End PBXBuildFile section */

/* Begin PBXFileReference section */
		79036A4920614CF40022E3C7 /* Set.swift */ = {isa = PBXFileReference; lastKnownFileType = sourcecode.swift; path = Set.swift; sourceTree = "<group>"; };
		79710EDA205F86AB00203C3C /* SetFeatures.swift */ = {isa = PBXFileReference; lastKnownFileType = sourcecode.swift; path = SetFeatures.swift; sourceTree = "<group>"; };
		79D4021D205D2AC800B320EC /* SetGame.app */ = {isa = PBXFileReference; explicitFileType = wrapper.application; includeInIndex = 0; path = SetGame.app; sourceTree = BUILT_PRODUCTS_DIR; };
		79D40220205D2AC800B320EC /* AppDelegate.swift */ = {isa = PBXFileReference; lastKnownFileType = sourcecode.swift; path = AppDelegate.swift; sourceTree = "<group>"; };
		79D40222205D2AC800B320EC /* ViewController.swift */ = {isa = PBXFileReference; lastKnownFileType = sourcecode.swift; path = ViewController.swift; sourceTree = "<group>"; };
		79D40225205D2AC800B320EC /* Base */ = {isa = PBXFileReference; lastKnownFileType = file.storyboard; name = Base; path = Base.lproj/Main.storyboard; sourceTree = "<group>"; };
		79D40227205D2AC800B320EC /* Assets.xcassets */ = {isa = PBXFileReference; lastKnownFileType = folder.assetcatalog; path = Assets.xcassets; sourceTree = "<group>"; };
		79D4022A205D2AC800B320EC /* Base */ = {isa = PBXFileReference; lastKnownFileType = file.storyboard; name = Base; path = Base.lproj/LaunchScreen.storyboard; sourceTree = "<group>"; };
		79D4022C205D2AC800B320EC /* Info.plist */ = {isa = PBXFileReference; lastKnownFileType = text.plist.xml; path = Info.plist; sourceTree = "<group>"; };
		79D40233205D2B2D00B320EC /* CardFeatures.swift */ = {isa = PBXFileReference; lastKnownFileType = sourcecode.swift; path = CardFeatures.swift; sourceTree = "<group>"; };
		79D40235205D2DAD00B320EC /* Card.swift */ = {isa = PBXFileReference; lastKnownFileType = sourcecode.swift; path = Card.swift; sourceTree = "<group>"; };
		79D40237205D30AF00B320EC /* CardDeck.swift */ = {isa = PBXFileReference; lastKnownFileType = sourcecode.swift; path = CardDeck.swift; sourceTree = "<group>"; };
/* End PBXFileReference section */

/* Begin PBXFrameworksBuildPhase section */
		79D4021A205D2AC800B320EC /* Frameworks */ = {
			isa = PBXFrameworksBuildPhase;
			buildActionMask = 2147483647;
			files = (
			);
			runOnlyForDeploymentPostprocessing = 0;
		};
/* End PBXFrameworksBuildPhase section */

/* Begin PBXGroup section */
		79D40214205D2AC800B320EC = {
			isa = PBXGroup;
			children = (
				79D4021F205D2AC800B320EC /* SetGame */,
				79D4021E205D2AC800B320EC /* Products */,
			);
			sourceTree = "<group>";
		};
		79D4021E205D2AC800B320EC /* Products */ = {
			isa = PBXGroup;
			children = (
				79D4021D205D2AC800B320EC /* SetGame.app */,
			);
			name = Products;
			sourceTree = "<group>";
		};
		79D4021F205D2AC800B320EC /* SetGame */ = {
			isa = PBXGroup;
			children = (
				79D40232205D2AFF00B320EC /* Supporting Files */,
				79D40222205D2AC800B320EC /* ViewController.swift */,
				79D40224205D2AC800B320EC /* Main.storyboard */,
				79D40227205D2AC800B320EC /* Assets.xcassets */,
				79D4022C205D2AC800B320EC /* Info.plist */,
				79D40233205D2B2D00B320EC /* CardFeatures.swift */,
				79D40235205D2DAD00B320EC /* Card.swift */,
				79D40237205D30AF00B320EC /* CardDeck.swift */,
				79710EDA205F86AB00203C3C /* SetFeatures.swift */,
				79036A4920614CF40022E3C7 /* Set.swift */,
			);
			path = SetGame;
			sourceTree = "<group>";
		};
		79D40232205D2AFF00B320EC /* Supporting Files */ = {
			isa = PBXGroup;
			children = (
				79D40220205D2AC800B320EC /* AppDelegate.swift */,
				79D40229205D2AC800B320EC /* LaunchScreen.storyboard */,
			);
			path = "Supporting Files";
			sourceTree = "<group>";
		};
/* End PBXGroup section */

/* Begin PBXNativeTarget section */
		79D4021C205D2AC800B320EC /* SetGame */ = {
			isa = PBXNativeTarget;
			buildConfigurationList = 79D4022F205D2AC800B320EC /* Build configuration list for PBXNativeTarget "SetGame" */;
			buildPhases = (
				79D40219205D2AC800B320EC /* Sources */,
				79D4021A205D2AC800B320EC /* Frameworks */,
				79D4021B205D2AC800B320EC /* Resources */,
			);
			buildRules = (
			);
			dependencies = (
			);
			name = SetGame;
			productName = SetGame;
			productReference = 79D4021D205D2AC800B320EC /* SetGame.app */;
			productType = "com.apple.product-type.application";
		};
/* End PBXNativeTarget section */

/* Begin PBXProject section */
		79D40215205D2AC800B320EC /* Project object */ = {
			isa = PBXProject;
			attributes = {
				LastSwiftUpdateCheck = 0920;
				LastUpgradeCheck = 0920;
				ORGANIZATIONNAME = LostRfounds;
				TargetAttributes = {
					79D4021C205D2AC800B320EC = {
						CreatedOnToolsVersion = 9.2;
						ProvisioningStyle = Automatic;
					};
				};
			};
			buildConfigurationList = 79D40218205D2AC800B320EC /* Build configuration list for PBXProject "SetGame" */;
			compatibilityVersion = "Xcode 8.0";
			developmentRegion = en;
			hasScannedForEncodings = 0;
			knownRegions = (
				en,
				Base,
			);
			mainGroup = 79D40214205D2AC800B320EC;
			productRefGroup = 79D4021E205D2AC800B320EC /* Products */;
			projectDirPath = "";
			projectRoot = "";
			targets = (
				79D4021C205D2AC800B320EC /* SetGame */,
			);
		};
/* End PBXProject section */

/* Begin PBXResourcesBuildPhase section */
		79D4021B205D2AC800B320EC /* Resources */ = {
			isa = PBXResourcesBuildPhase;
			buildActionMask = 2147483647;
			files = (
				79D4022B205D2AC800B320EC /* LaunchScreen.storyboard in Resources */,
				79D40228205D2AC800B320EC /* Assets.xcassets in Resources */,
				79D40226205D2AC800B320EC /* Main.storyboard in Resources */,
			);
			runOnlyForDeploymentPostprocessing = 0;
		};
/* End PBXResourcesBuildPhase section */

/* Begin PBXSourcesBuildPhase section */
		79D40219205D2AC800B320EC /* Sources */ = {
			isa = PBXSourcesBuildPhase;
			buildActionMask = 2147483647;
			files = (
				79D40223205D2AC800B320EC /* ViewController.swift in Sources */,
				79D40238205D30AF00B320EC /* CardDeck.swift in Sources */,
				79D40221205D2AC800B320EC /* AppDelegate.swift in Sources */,
				79036A4A20614CF40022E3C7 /* Set.swift in Sources */,
				79D40234205D2B2D00B320EC /* CardFeatures.swift in Sources */,
				79D40236205D2DAD00B320EC /* Card.swift in Sources */,
				79710EDB205F86AB00203C3C /* SetFeatures.swift in Sources */,
			);
			runOnlyForDeploymentPostprocessing = 0;
		};
/* End PBXSourcesBuildPhase section */

/* Begin PBXVariantGroup section */
		79D40224205D2AC800B320EC /* Main.storyboard */ = {
			isa = PBXVariantGroup;
			children = (
				79D40225205D2AC800B320EC /* Base */,
			);
			name = Main.storyboard;
			sourceTree = "<group>";
		};
		79D40229205D2AC800B320EC /* LaunchScreen.storyboard */ = {
			isa = PBXVariantGroup;
			children = (
				79D4022A205D2AC800B320EC /* Base */,
			);
			name = LaunchScreen.storyboard;
			sourceTree = "<group>";
		};
/* End PBXVariantGroup section */

/* Begin XCBuildConfiguration section */
		79D4022D205D2AC800B320EC /* Debug */ = {
			isa = XCBuildConfiguration;
			buildSettings = {
				ALWAYS_SEARCH_USER_PATHS = NO;
				CLANG_ANALYZER_NONNULL = YES;
				CLANG_ANALYZER_NUMBER_OBJECT_CONVERSION = YES_AGGRESSIVE;
				CLANG_CXX_LANGUAGE_STANDARD = "gnu++14";
				CLANG_CXX_LIBRARY = "libc++";
				CLANG_ENABLE_MODULES = YES;
				CLANG_ENABLE_OBJC_ARC = YES;
				CLANG_WARN_BLOCK_CAPTURE_AUTORELEASING = YES;
				CLANG_WARN_BOOL_CONVERSION = YES;
				CLANG_WARN_COMMA = YES;
				CLANG_WARN_CONSTANT_CONVERSION = YES;
				CLANG_WARN_DIRECT_OBJC_ISA_USAGE = YES_ERROR;
				CLANG_WARN_DOCUMENTATION_COMMENTS = YES;
				CLANG_WARN_EMPTY_BODY = YES;
				CLANG_WARN_ENUM_CONVERSION = YES;
				CLANG_WARN_INFINITE_RECURSION = YES;
				CLANG_WARN_INT_CONVERSION = YES;
				CLANG_WARN_NON_LITERAL_NULL_CONVERSION = YES;
				CLANG_WARN_OBJC_LITERAL_CONVERSION = YES;
				CLANG_WARN_OBJC_ROOT_CLASS = YES_ERROR;
				CLANG_WARN_RANGE_LOOP_ANALYSIS = YES;
				CLANG_WARN_STRICT_PROTOTYPES = YES;
				CLANG_WARN_SUSPICIOUS_MOVE = YES;
				CLANG_WARN_UNGUARDED_AVAILABILITY = YES_AGGRESSIVE;
				CLANG_WARN_UNREACHABLE_CODE = YES;
				CLANG_WARN__DUPLICATE_METHOD_MATCH = YES;
				CODE_SIGN_IDENTITY = "iPhone Developer";
				COPY_PHASE_STRIP = NO;
				DEBUG_INFORMATION_FORMAT = dwarf;
				ENABLE_STRICT_OBJC_MSGSEND = YES;
				ENABLE_TESTABILITY = YES;
				GCC_C_LANGUAGE_STANDARD = gnu11;
				GCC_DYNAMIC_NO_PIC = NO;
				GCC_NO_COMMON_BLOCKS = YES;
				GCC_OPTIMIZATION_LEVEL = 0;
				GCC_PREPROCESSOR_DEFINITIONS = (
					"DEBUG=1",
					"$(inherited)",
				);
				GCC_WARN_64_TO_32_BIT_CONVERSION = YES;
				GCC_WARN_ABOUT_RETURN_TYPE = YES_ERROR;
				GCC_WARN_UNDECLARED_SELECTOR = YES;
				GCC_WARN_UNINITIALIZED_AUTOS = YES_AGGRESSIVE;
				GCC_WARN_UNUSED_FUNCTION = YES;
				GCC_WARN_UNUSED_VARIABLE = YES;
				IPHONEOS_DEPLOYMENT_TARGET = 11.2;
				MTL_ENABLE_DEBUG_INFO = YES;
				ONLY_ACTIVE_ARCH = YES;
				SDKROOT = iphoneos;
				SWIFT_ACTIVE_COMPILATION_CONDITIONS = DEBUG;
				SWIFT_OPTIMIZATION_LEVEL = "-Onone";
			};
			name = Debug;
		};
		79D4022E205D2AC800B320EC /* Release */ = {
			isa = XCBuildConfiguration;
			buildSettings = {
				ALWAYS_SEARCH_USER_PATHS = NO;
				CLANG_ANALYZER_NONNULL = YES;
				CLANG_ANALYZER_NUMBER_OBJECT_CONVERSION = YES_AGGRESSIVE;
				CLANG_CXX_LANGUAGE_STANDARD = "gnu++14";
				CLANG_CXX_LIBRARY = "libc++";
				CLANG_ENABLE_MODULES = YES;
				CLANG_ENABLE_OBJC_ARC = YES;
				CLANG_WARN_BLOCK_CAPTURE_AUTORELEASING = YES;
				CLANG_WARN_BOOL_CONVERSION = YES;
				CLANG_WARN_COMMA = YES;
				CLANG_WARN_CONSTANT_CONVERSION = YES;
				CLANG_WARN_DIRECT_OBJC_ISA_USAGE = YES_ERROR;
				CLANG_WARN_DOCUMENTATION_COMMENTS = YES;
				CLANG_WARN_EMPTY_BODY = YES;
				CLANG_WARN_ENUM_CONVERSION = YES;
				CLANG_WARN_INFINITE_RECURSION = YES;
				CLANG_WARN_INT_CONVERSION = YES;
				CLANG_WARN_NON_LITERAL_NULL_CONVERSION = YES;
				CLANG_WARN_OBJC_LITERAL_CONVERSION = YES;
				CLANG_WARN_OBJC_ROOT_CLASS = YES_ERROR;
				CLANG_WARN_RANGE_LOOP_ANALYSIS = YES;
				CLANG_WARN_STRICT_PROTOTYPES = YES;
				CLANG_WARN_SUSPICIOUS_MOVE = YES;
				CLANG_WARN_UNGUARDED_AVAILABILITY = YES_AGGRESSIVE;
				CLANG_WARN_UNREACHABLE_CODE = YES;
				CLANG_WARN__DUPLICATE_METHOD_MATCH = YES;
				CODE_SIGN_IDENTITY = "iPhone Developer";
				COPY_PHASE_STRIP = NO;
				DEBUG_INFORMATION_FORMAT = "dwarf-with-dsym";
				ENABLE_NS_ASSERTIONS = NO;
				ENABLE_STRICT_OBJC_MSGSEND = YES;
				GCC_C_LANGUAGE_STANDARD = gnu11;
				GCC_NO_COMMON_BLOCKS = YES;
				GCC_WARN_64_TO_32_BIT_CONVERSION = YES;
				GCC_WARN_ABOUT_RETURN_TYPE = YES_ERROR;
				GCC_WARN_UNDECLARED_SELECTOR = YES;
				GCC_WARN_UNINITIALIZED_AUTOS = YES_AGGRESSIVE;
				GCC_WARN_UNUSED_FUNCTION = YES;
				GCC_WARN_UNUSED_VARIABLE = YES;
				IPHONEOS_DEPLOYMENT_TARGET = 11.2;
				MTL_ENABLE_DEBUG_INFO = NO;
				SDKROOT = iphoneos;
				SWIFT_OPTIMIZATION_LEVEL = "-Owholemodule";
				VALIDATE_PRODUCT = YES;
			};
			name = Release;
		};
		79D40230205D2AC800B320EC /* Debug */ = {
			isa = XCBuildConfiguration;
			buildSettings = {
				ASSETCATALOG_COMPILER_APPICON_NAME = AppIcon;
				CODE_SIGN_STYLE = Automatic;
				DEVELOPMENT_TEAM = W8695FX2Q8;
				INFOPLIST_FILE = SetGame/Info.plist;
				LD_RUNPATH_SEARCH_PATHS = "$(inherited) @executable_path/Frameworks";
				PRODUCT_BUNDLE_IDENTIFIER = com.LostRfounds.SetGame;
				PRODUCT_NAME = "$(TARGET_NAME)";
				SWIFT_VERSION = 4.0;
				TARGETED_DEVICE_FAMILY = "1,2";
			};
			name = Debug;
		};
		79D40231205D2AC800B320EC /* Release */ = {
			isa = XCBuildConfiguration;
			buildSettings = {
				ASSETCATALOG_COMPILER_APPICON_NAME = AppIcon;
				CODE_SIGN_STYLE = Automatic;
				DEVELOPMENT_TEAM = W8695FX2Q8;
				INFOPLIST_FILE = SetGame/Info.plist;
				LD_RUNPATH_SEARCH_PATHS = "$(inherited) @executable_path/Frameworks";
				PRODUCT_BUNDLE_IDENTIFIER = com.LostRfounds.SetGame;
				PRODUCT_NAME = "$(TARGET_NAME)";
				SWIFT_VERSION = 4.0;
				TARGETED_DEVICE_FAMILY = "1,2";
			};
			name = Release;
		};
/* End XCBuildConfiguration section */

/* Begin XCConfigurationList section */
		79D40218205D2AC800B320EC /* Build configuration list for PBXProject "SetGame" */ = {
			isa = XCConfigurationList;
			buildConfigurations = (
				79D4022D205D2AC800B320EC /* Debug */,
				79D4022E205D2AC800B320EC /* Release */,
			);
			defaultConfigurationIsVisible = 0;
			defaultConfigurationName = Release;
		};
		79D4022F205D2AC800B320EC /* Build configuration list for PBXNativeTarget "SetGame" */ = {
			isa = XCConfigurationList;
			buildConfigurations = (
				79D40230205D2AC800B320EC /* Debug */,
				79D40231205D2AC800B320EC /* Release */,
			);
			defaultConfigurationIsVisible = 0;
			defaultConfigurationName = Release;
		};
/* End XCConfigurationList section */
	};
	rootObject = 79D40215205D2AC800B320EC /* Project object */;
}
